
Microsoft Visual Studio Solution File, Format Version 12.00
# Visual Studio for Mac
Project("{FAE04EC0-301F-11D3-BF4B-00C04F79EFBC}") = "Assembly-CSharp", "Assembly-CSharp.csproj", "{19A6527F-03EA-CF19-FC4F-AD763582ECB6}"
EndProject
Global
	GlobalSection(SolutionConfigurationPlatforms) = preSolution
		Debug|Any CPU = Debug|Any CPU
		Release|Any CPU = Release|Any CPU
	EndGlobalSection
	GlobalSection(ProjectConfigurationPlatforms) = postSolution
		{19A6527F-03EA-CF19-FC4F-AD763582ECB6}.Debug|Any CPU.ActiveCfg = Debug|Any CPU
		{19A6527F-03EA-CF19-FC4F-AD763582ECB6}.Debug|Any CPU.Build.0 = Debug|Any CPU
		{19A6527F-03EA-CF19-FC4F-AD763582ECB6}.Release|Any CPU.ActiveCfg = Release|Any CPU
		{19A6527F-03EA-CF19-FC4F-AD763582ECB6}.Release|Any CPU.Build.0 = Release|Any CPU
	EndGlobalSection
	GlobalSection(SolutionProperties) = preSolution
		HideSolutionNode = FALSE
	EndGlobalSection
EndGlobal
